// !$*UTF8*$!
{
	archiveVersion = 1;
	classes = {
	};
	objectVersion = 55;
	objects = {

/* Begin PBXBuildFile section */
		9567BEC228DCABB600D357BF /* LengthView.swift in Sources */ = {isa = PBXBuildFile; fileRef = 9567BEC128DCABB600D357BF /* LengthView.swift */; };
		95850D9E28DC96980040B0B6 /* day19challengeApp.swift in Sources */ = {isa = PBXBuildFile; fileRef = 95850D9D28DC96980040B0B6 /* day19challengeApp.swift */; };
		95850DA028DC96980040B0B6 /* ContentView.swift in Sources */ = {isa = PBXBuildFile; fileRef = 95850D9F28DC96980040B0B6 /* ContentView.swift */; };
		95850DA228DC96990040B0B6 /* Assets.xcassets in Resources */ = {isa = PBXBuildFile; fileRef = 95850DA128DC96990040B0B6 /* Assets.xcassets */; };
		95850DA528DC96990040B0B6 /* Preview Assets.xcassets in Resources */ = {isa = PBXBuildFile; fileRef = 95850DA428DC96990040B0B6 /* Preview Assets.xcassets */; };
		95850DAF28DC96990040B0B6 /* day19challengeTests.swift in Sources */ = {isa = PBXBuildFile; fileRef = 95850DAE28DC96990040B0B6 /* day19challengeTests.swift */; };
		95850DB928DC969A0040B0B6 /* day19challengeUITests.swift in Sources */ = {isa = PBXBuildFile; fileRef = 95850DB828DC969A0040B0B6 /* day19challengeUITests.swift */; };
		95850DBB28DC969A0040B0B6 /* day19challengeUITestsLaunchTests.swift in Sources */ = {isa = PBXBuildFile; fileRef = 95850DBA28DC969A0040B0B6 /* day19challengeUITestsLaunchTests.swift */; };
		95850DCA28DC980C0040B0B6 /* MainView.swift in Sources */ = {isa = PBXBuildFile; fileRef = 95850DC928DC980C0040B0B6 /* MainView.swift */; };
		95850DCC28DC99250040B0B6 /* TemperatureView.swift in Sources */ = {isa = PBXBuildFile; fileRef = 95850DCB28DC99250040B0B6 /* TemperatureView.swift */; };
/* End PBXBuildFile section */

/* Begin PBXContainerItemProxy section */
		95850DAB28DC96990040B0B6 /* PBXContainerItemProxy */ = {
			isa = PBXContainerItemProxy;
			containerPortal = 95850D9228DC96980040B0B6 /* Project object */;
			proxyType = 1;
			remoteGlobalIDString = 95850D9928DC96980040B0B6;
			remoteInfo = day19challenge;
		};
		95850DB528DC969A0040B0B6 /* PBXContainerItemProxy */ = {
			isa = PBXContainerItemProxy;
			containerPortal = 95850D9228DC96980040B0B6 /* Project object */;
			proxyType = 1;
			remoteGlobalIDString = 95850D9928DC96980040B0B6;
			remoteInfo = day19challenge;
		};
/* End PBXContainerItemProxy section */

/* Begin PBXFileReference section */
		9567BEC128DCABB600D357BF /* LengthView.swift */ = {isa = PBXFileReference; lastKnownFileType = sourcecode.swift; path = LengthView.swift; sourceTree = "<group>"; };
		95850D9A28DC96980040B0B6 /* day19challenge.app */ = {isa = PBXFileReference; explicitFileType = wrapper.application; includeInIndex = 0; path = day19challenge.app; sourceTree = BUILT_PRODUCTS_DIR; };
		95850D9D28DC96980040B0B6 /* day19challengeApp.swift */ = {isa = PBXFileReference; lastKnownFileType = sourcecode.swift; path = day19challengeApp.swift; sourceTree = "<group>"; };
		95850D9F28DC96980040B0B6 /* ContentView.swift */ = {isa = PBXFileReference; lastKnownFileType = sourcecode.swift; path = ContentView.swift; sourceTree = "<group>"; };
		95850DA128DC96990040B0B6 /* Assets.xcassets */ = {isa = PBXFileReference; lastKnownFileType = folder.assetcatalog; path = Assets.xcassets; sourceTree = "<group>"; };
		95850DA428DC96990040B0B6 /* Preview Assets.xcassets */ = {isa = PBXFileReference; lastKnownFileType = folder.assetcatalog; path = "Preview Assets.xcassets"; sourceTree = "<group>"; };
		95850DAA28DC96990040B0B6 /* day19challengeTests.xctest */ = {isa = PBXFileReference; explicitFileType = wrapper.cfbundle; includeInIndex = 0; path = day19challengeTests.xctest; sourceTree = BUILT_PRODUCTS_DIR; };
		95850DAE28DC96990040B0B6 /* day19challengeTests.swift */ = {isa = PBXFileReference; lastKnownFileType = sourcecode.swift; path = day19challengeTests.swift; sourceTree = "<group>"; };
		95850DB428DC969A0040B0B6 /* day19challengeUITests.xctest */ = {isa = PBXFileReference; explicitFileType = wrapper.cfbundle; includeInIndex = 0; path = day19challengeUITests.xctest; sourceTree = BUILT_PRODUCTS_DIR; };
		95850DB828DC969A0040B0B6 /* day19challengeUITests.swift */ = {isa = PBXFileReference; lastKnownFileType = sourcecode.swift; path = day19challengeUITests.swift; sourceTree = "<group>"; };
		95850DBA28DC969A0040B0B6 /* day19challengeUITestsLaunchTests.swift */ = {isa = PBXFileReference; lastKnownFileType = sourcecode.swift; path = day19challengeUITestsLaunchTests.swift; sourceTree = "<group>"; };
		95850DC928DC980C0040B0B6 /* MainView.swift */ = {isa = PBXFileReference; lastKnownFileType = sourcecode.swift; path = MainView.swift; sourceTree = "<group>"; };
		95850DCB28DC99250040B0B6 /* TemperatureView.swift */ = {isa = PBXFileReference; lastKnownFileType = sourcecode.swift; path = TemperatureView.swift; sourceTree = "<group>"; };
/* End PBXFileReference section */

/* Begin PBXFrameworksBuildPhase section */
		95850D9728DC96980040B0B6 /* Frameworks */ = {
			isa = PBXFrameworksBuildPhase;
			buildActionMask = 2147483647;
			files = (
			);
			runOnlyForDeploymentPostprocessing = 0;
		};
		95850DA728DC96990040B0B6 /* Frameworks */ = {
			isa = PBXFrameworksBuildPhase;
			buildActionMask = 2147483647;
			files = (
			);
			runOnlyForDeploymentPostprocessing = 0;
		};
		95850DB128DC969A0040B0B6 /* Frameworks */ = {
			isa = PBXFrameworksBuildPhase;
			buildActionMask = 2147483647;
			files = (
			);
			runOnlyForDeploymentPostprocessing = 0;
		};
/* End PBXFrameworksBuildPhase section */

/* Begin PBXGroup section */
		95850D9128DC96980040B0B6 = {
			isa = PBXGroup;
			children = (
				95850D9C28DC96980040B0B6 /* day19challenge */,
				95850DAD28DC96990040B0B6 /* day19challengeTests */,
				95850DB728DC969A0040B0B6 /* day19challengeUITests */,
				95850D9B28DC96980040B0B6 /* Products */,
			);
			sourceTree = "<group>";
		};
		95850D9B28DC96980040B0B6 /* Products */ = {
			isa = PBXGroup;
			children = (
				95850D9A28DC96980040B0B6 /* day19challenge.app */,
				95850DAA28DC96990040B0B6 /* day19challengeTests.xctest */,
				95850DB428DC969A0040B0B6 /* day19challengeUITests.xctest */,
			);
			name = Products;
			sourceTree = "<group>";
		};
		95850D9C28DC96980040B0B6 /* day19challenge */ = {
			isa = PBXGroup;
			children = (
				95850DCB28DC99250040B0B6 /* TemperatureView.swift */,
				9567BEC128DCABB600D357BF /* LengthView.swift */,
				95850D9D28DC96980040B0B6 /* day19challengeApp.swift */,
				95850DC928DC980C0040B0B6 /* MainView.swift */,
				95850D9F28DC96980040B0B6 /* ContentView.swift */,
				95850DA128DC96990040B0B6 /* Assets.xcassets */,
				95850DA328DC96990040B0B6 /* Preview Content */,
			);
			path = day19challenge;
			sourceTree = "<group>";
		};
		95850DA328DC96990040B0B6 /* Preview Content */ = {
			isa = PBXGroup;
			children = (
				95850DA428DC96990040B0B6 /* Preview Assets.xcassets */,
			);
			path = "Preview Content";
			sourceTree = "<group>";
		};
		95850DAD28DC96990040B0B6 /* day19challengeTests */ = {
			isa = PBXGroup;
			children = (
				95850DAE28DC96990040B0B6 /* day19challengeTests.swift */,
			);
			path = day19challengeTests;
			sourceTree = "<group>";
		};
		95850DB728DC969A0040B0B6 /* day19challengeUITests */ = {
			isa = PBXGroup;
			children = (
				95850DB828DC969A0040B0B6 /* day19challengeUITests.swift */,
				95850DBA28DC969A0040B0B6 /* day19challengeUITestsLaunchTests.swift */,
			);
			path = day19challengeUITests;
			sourceTree = "<group>";
		};
/* End PBXGroup section */

/* Begin PBXNativeTarget section */
		95850D9928DC96980040B0B6 /* day19challenge */ = {
			isa = PBXNativeTarget;
			buildConfigurationList = 95850DBE28DC969A0040B0B6 /* Build configuration list for PBXNativeTarget "day19challenge" */;
			buildPhases = (
				95850D9628DC96980040B0B6 /* Sources */,
				95850D9728DC96980040B0B6 /* Frameworks */,
				95850D9828DC96980040B0B6 /* Resources */,
			);
			buildRules = (
			);
			dependencies = (
			);
			name = day19challenge;
			productName = day19challenge;
			productReference = 95850D9A28DC96980040B0B6 /* day19challenge.app */;
			productType = "com.apple.product-type.application";
		};
		95850DA928DC96990040B0B6 /* day19challengeTests */ = {
			isa = PBXNativeTarget;
			buildConfigurationList = 95850DC128DC969A0040B0B6 /* Build configuration list for PBXNativeTarget "day19challengeTests" */;
			buildPhases = (
				95850DA628DC96990040B0B6 /* Sources */,
				95850DA728DC96990040B0B6 /* Frameworks */,
				95850DA828DC96990040B0B6 /* Resources */,
			);
			buildRules = (
			);
			dependencies = (
				95850DAC28DC96990040B0B6 /* PBXTargetDependency */,
			);
			name = day19challengeTests;
			productName = day19challengeTests;
			productReference = 95850DAA28DC96990040B0B6 /* day19challengeTests.xctest */;
			productType = "com.apple.product-type.bundle.unit-test";
		};
		95850DB328DC969A0040B0B6 /* day19challengeUITests */ = {
			isa = PBXNativeTarget;
			buildConfigurationList = 95850DC428DC969A0040B0B6 /* Build configuration list for PBXNativeTarget "day19challengeUITests" */;
			buildPhases = (
				95850DB028DC969A0040B0B6 /* Sources */,
				95850DB128DC969A0040B0B6 /* Frameworks */,
				95850DB228DC969A0040B0B6 /* Resources */,
			);
			buildRules = (
			);
			dependencies = (
				95850DB628DC969A0040B0B6 /* PBXTargetDependency */,
			);
			name = day19challengeUITests;
			productName = day19challengeUITests;
			productReference = 95850DB428DC969A0040B0B6 /* day19challengeUITests.xctest */;
			productType = "com.apple.product-type.bundle.ui-testing";
		};
/* End PBXNativeTarget section */

/* Begin PBXProject section */
		95850D9228DC96980040B0B6 /* Project object */ = {
			isa = PBXProject;
			attributes = {
				BuildIndependentTargetsInParallel = 1;
				LastSwiftUpdateCheck = 1340;
				LastUpgradeCheck = 1340;
				TargetAttributes = {
					95850D9928DC96980040B0B6 = {
						CreatedOnToolsVersion = 13.4.1;
					};
					95850DA928DC96990040B0B6 = {
						CreatedOnToolsVersion = 13.4.1;
						TestTargetID = 95850D9928DC96980040B0B6;
					};
					95850DB328DC969A0040B0B6 = {
						CreatedOnToolsVersion = 13.4.1;
						TestTargetID = 95850D9928DC96980040B0B6;
					};
				};
			};
			buildConfigurationList = 95850D9528DC96980040B0B6 /* Build configuration list for PBXProject "day19challenge" */;
			compatibilityVersion = "Xcode 13.0";
			developmentRegion = en;
			hasScannedForEncodings = 0;
			knownRegions = (
				en,
				Base,
			);
			mainGroup = 95850D9128DC96980040B0B6;
			productRefGroup = 95850D9B28DC96980040B0B6 /* Products */;
			projectDirPath = "";
			projectRoot = "";
			targets = (
				95850D9928DC96980040B0B6 /* day19challenge */,
				95850DA928DC96990040B0B6 /* day19challengeTests */,
				95850DB328DC969A0040B0B6 /* day19challengeUITests */,
			);
		};
/* End PBXProject section */

/* Begin PBXResourcesBuildPhase section */
		95850D9828DC96980040B0B6 /* Resources */ = {
			isa = PBXResourcesBuildPhase;
			buildActionMask = 2147483647;
			files = (
				95850DA528DC96990040B0B6 /* Preview Assets.xcassets in Resources */,
				95850DA228DC96990040B0B6 /* Assets.xcassets in Resources */,
			);
			runOnlyForDeploymentPostprocessing = 0;
		};
		95850DA828DC96990040B0B6 /* Resources */ = {
			isa = PBXResourcesBuildPhase;
			buildActionMask = 2147483647;
			files = (
			);
			runOnlyForDeploymentPostprocessing = 0;
		};
		95850DB228DC969A0040B0B6 /* Resources */ = {
			isa = PBXResourcesBuildPhase;
			buildActionMask = 2147483647;
			files = (
			);
			runOnlyForDeploymentPostprocessing = 0;
		};
/* End PBXResourcesBuildPhase section */

/* Begin PBXSourcesBuildPhase section */
		95850D9628DC96980040B0B6 /* Sources */ = {
			isa = PBXSourcesBuildPhase;
			buildActionMask = 2147483647;
			files = (
				95850DCC28DC99250040B0B6 /* TemperatureView.swift in Sources */,
				95850DA028DC96980040B0B6 /* ContentView.swift in Sources */,
				95850DCA28DC980C0040B0B6 /* MainView.swift in Sources */,
				95850D9E28DC96980040B0B6 /* day19challengeApp.swift in Sources */,
				9567BEC228DCABB600D357BF /* LengthView.swift in Sources */,
			);
			runOnlyForDeploymentPostprocessing = 0;
		};
		95850DA628DC96990040B0B6 /* Sources */ = {
			isa = PBXSourcesBuildPhase;
			buildActionMask = 2147483647;
			files = (
				95850DAF28DC96990040B0B6 /* day19challengeTests.swift in Sources */,
			);
			runOnlyForDeploymentPostprocessing = 0;
		};
		95850DB028DC969A0040B0B6 /* Sources */ = {
			isa = PBXSourcesBuildPhase;
			buildActionMask = 2147483647;
			files = (
				95850DB928DC969A0040B0B6 /* day19challengeUITests.swift in Sources */,
				95850DBB28DC969A0040B0B6 /* day19challengeUITestsLaunchTests.swift in Sources */,
			);
			runOnlyForDeploymentPostprocessing = 0;
		};
/* End PBXSourcesBuildPhase section */

/* Begin PBXTargetDependency section */
		95850DAC28DC96990040B0B6 /* PBXTargetDependency */ = {
			isa = PBXTargetDependency;
			target = 95850D9928DC96980040B0B6 /* day19challenge */;
			targetProxy = 95850DAB28DC96990040B0B6 /* PBXContainerItemProxy */;
		};
		95850DB628DC969A0040B0B6 /* PBXTargetDependency */ = {
			isa = PBXTargetDependency;
			target = 95850D9928DC96980040B0B6 /* day19challenge */;
			targetProxy = 95850DB528DC969A0040B0B6 /* PBXContainerItemProxy */;
		};
/* End PBXTargetDependency section */

/* Begin XCBuildConfiguration section */
		95850DBC28DC969A0040B0B6 /* Debug */ = {
			isa = XCBuildConfiguration;
			buildSettings = {
				ALWAYS_SEARCH_USER_PATHS = NO;
				CLANG_ANALYZER_NONNULL = YES;
				CLANG_ANALYZER_NUMBER_OBJECT_CONVERSION = YES_AGGRESSIVE;
				CLANG_CXX_LANGUAGE_STANDARD = "gnu++17";
				CLANG_ENABLE_MODULES = YES;
				CLANG_ENABLE_OBJC_ARC = YES;
				CLANG_ENABLE_OBJC_WEAK = YES;
				CLANG_WARN_BLOCK_CAPTURE_AUTORELEASING = YES;
				CLANG_WARN_BOOL_CONVERSION = YES;
				CLANG_WARN_COMMA = YES;
				CLANG_WARN_CONSTANT_CONVERSION = YES;
				CLANG_WARN_DEPRECATED_OBJC_IMPLEMENTATIONS = YES;
				CLANG_WARN_DIRECT_OBJC_ISA_USAGE = YES_ERROR;
				CLANG_WARN_DOCUMENTATION_COMMENTS = YES;
				CLANG_WARN_EMPTY_BODY = YES;
				CLANG_WARN_ENUM_CONVERSION = YES;
				CLANG_WARN_INFINITE_RECURSION = YES;
				CLANG_WARN_INT_CONVERSION = YES;
				CLANG_WARN_NON_LITERAL_NULL_CONVERSION = YES;
				CLANG_WARN_OBJC_IMPLICIT_RETAIN_SELF = YES;
				CLANG_WARN_OBJC_LITERAL_CONVERSION = YES;
				CLANG_WARN_OBJC_ROOT_CLASS = YES_ERROR;
				CLANG_WARN_QUOTED_INCLUDE_IN_FRAMEWORK_HEADER = YES;
				CLANG_WARN_RANGE_LOOP_ANALYSIS = YES;
				CLANG_WARN_STRICT_PROTOTYPES = YES;
				CLANG_WARN_SUSPICIOUS_MOVE = YES;
				CLANG_WARN_UNGUARDED_AVAILABILITY = YES_AGGRESSIVE;
				CLANG_WARN_UNREACHABLE_CODE = YES;
				CLANG_WARN__DUPLICATE_METHOD_MATCH = YES;
				COPY_PHASE_STRIP = NO;
				DEBUG_INFORMATION_FORMAT = dwarf;
				ENABLE_STRICT_OBJC_MSGSEND = YES;
				ENABLE_TESTABILITY = YES;
				GCC_C_LANGUAGE_STANDARD = gnu11;
				GCC_DYNAMIC_NO_PIC = NO;
				GCC_NO_COMMON_BLOCKS = YES;
				GCC_OPTIMIZATION_LEVEL = 0;
				GCC_PREPROCESSOR_DEFINITIONS = (
					"DEBUG=1",
					"$(inherited)",
				);
				GCC_WARN_64_TO_32_BIT_CONVERSION = YES;
				GCC_WARN_ABOUT_RETURN_TYPE = YES_ERROR;
				GCC_WARN_UNDECLARED_SELECTOR = YES;
				GCC_WARN_UNINITIALIZED_AUTOS = YES_AGGRESSIVE;
				GCC_WARN_UNUSED_FUNCTION = YES;
				GCC_WARN_UNUSED_VARIABLE = YES;
				IPHONEOS_DEPLOYMENT_TARGET = 15.5;
				MTL_ENABLE_DEBUG_INFO = INCLUDE_SOURCE;
				MTL_FAST_MATH = YES;
				ONLY_ACTIVE_ARCH = YES;
				SDKROOT = iphoneos;
				SWIFT_ACTIVE_COMPILATION_CONDITIONS = DEBUG;
				SWIFT_OPTIMIZATION_LEVEL = "-Onone";
			};
			name = Debug;
		};
		95850DBD28DC969A0040B0B6 /* Release */ = {
			isa = XCBuildConfiguration;
			buildSettings = {
				ALWAYS_SEARCH_USER_PATHS = NO;
				CLANG_ANALYZER_NONNULL = YES;
				CLANG_ANALYZER_NUMBER_OBJECT_CONVERSION = YES_AGGRESSIVE;
				CLANG_CXX_LANGUAGE_STANDARD = "gnu++17";
				CLANG_ENABLE_MODULES = YES;
				CLANG_ENABLE_OBJC_ARC = YES;
				CLANG_ENABLE_OBJC_WEAK = YES;
				CLANG_WARN_BLOCK_CAPTURE_AUTORELEASING = YES;
				CLANG_WARN_BOOL_CONVERSION = YES;
				CLANG_WARN_COMMA = YES;
				CLANG_WARN_CONSTANT_CONVERSION = YES;
				CLANG_WARN_DEPRECATED_OBJC_IMPLEMENTATIONS = YES;
				CLANG_WARN_DIRECT_OBJC_ISA_USAGE = YES_ERROR;
				CLANG_WARN_DOCUMENTATION_COMMENTS = YES;
				CLANG_WARN_EMPTY_BODY = YES;
				CLANG_WARN_ENUM_CONVERSION = YES;
				CLANG_WARN_INFINITE_RECURSION = YES;
				CLANG_WARN_INT_CONVERSION = YES;
				CLANG_WARN_NON_LITERAL_NULL_CONVERSION = YES;
				CLANG_WARN_OBJC_IMPLICIT_RETAIN_SELF = YES;
				CLANG_WARN_OBJC_LITERAL_CONVERSION = YES;
				CLANG_WARN_OBJC_ROOT_CLASS = YES_ERROR;
				CLANG_WARN_QUOTED_INCLUDE_IN_FRAMEWORK_HEADER = YES;
				CLANG_WARN_RANGE_LOOP_ANALYSIS = YES;
				CLANG_WARN_STRICT_PROTOTYPES = YES;
				CLANG_WARN_SUSPICIOUS_MOVE = YES;
				CLANG_WARN_UNGUARDED_AVAILABILITY = YES_AGGRESSIVE;
				CLANG_WARN_UNREACHABLE_CODE = YES;
				CLANG_WARN__DUPLICATE_METHOD_MATCH = YES;
				COPY_PHASE_STRIP = NO;
				DEBUG_INFORMATION_FORMAT = "dwarf-with-dsym";
				ENABLE_NS_ASSERTIONS = NO;
				ENABLE_STRICT_OBJC_MSGSEND = YES;
				GCC_C_LANGUAGE_STANDARD = gnu11;
				GCC_NO_COMMON_BLOCKS = YES;
				GCC_WARN_64_TO_32_BIT_CONVERSION = YES;
				GCC_WARN_ABOUT_RETURN_TYPE = YES_ERROR;
				GCC_WARN_UNDECLARED_SELECTOR = YES;
				GCC_WARN_UNINITIALIZED_AUTOS = YES_AGGRESSIVE;
				GCC_WARN_UNUSED_FUNCTION = YES;
				GCC_WARN_UNUSED_VARIABLE = YES;
				IPHONEOS_DEPLOYMENT_TARGET = 15.5;
				MTL_ENABLE_DEBUG_INFO = NO;
				MTL_FAST_MATH = YES;
				SDKROOT = iphoneos;
				SWIFT_COMPILATION_MODE = wholemodule;
				SWIFT_OPTIMIZATION_LEVEL = "-O";
				VALIDATE_PRODUCT = YES;
			};
			name = Release;
		};
		95850DBF28DC969A0040B0B6 /* Debug */ = {
			isa = XCBuildConfiguration;
			buildSettings = {
				ASSETCATALOG_COMPILER_APPICON_NAME = AppIcon;
				ASSETCATALOG_COMPILER_GLOBAL_ACCENT_COLOR_NAME = AccentColor;
				CODE_SIGN_STYLE = Automatic;
				CURRENT_PROJECT_VERSION = 1;
				DEVELOPMENT_ASSET_PATHS = "\"day19challenge/Preview Content\"";
				ENABLE_PREVIEWS = YES;
				GENERATE_INFOPLIST_FILE = YES;
				INFOPLIST_KEY_UIApplicationSceneManifest_Generation = YES;
				INFOPLIST_KEY_UIApplicationSupportsIndirectInputEvents = YES;
				INFOPLIST_KEY_UILaunchScreen_Generation = YES;
				INFOPLIST_KEY_UISupportedInterfaceOrientations_iPad = "UIInterfaceOrientationPortrait UIInterfaceOrientationPortraitUpsideDown UIInterfaceOrientationLandscapeLeft UIInterfaceOrientationLandscapeRight";
				INFOPLIST_KEY_UISupportedInterfaceOrientations_iPhone = "UIInterfaceOrientationPortrait UIInterfaceOrientationLandscapeLeft UIInterfaceOrientationLandscapeRight";
				LD_RUNPATH_SEARCH_PATHS = (
					"$(inherited)",
					"@executable_path/Frameworks",
				);
				MARKETING_VERSION = 1.0;
				PRODUCT_BUNDLE_IDENTIFIER = bodi.day19challenge;
				PRODUCT_NAME = "$(TARGET_NAME)";
				SWIFT_EMIT_LOC_STRINGS = YES;
				SWIFT_VERSION = 5.0;
				TARGETED_DEVICE_FAMILY = "1,2";
			};
			name = Debug;
		};
		95850DC028DC969A0040B0B6 /* Release */ = {
			isa = XCBuildConfiguration;
			buildSettings = {
				ASSETCATALOG_COMPILER_APPICON_NAME = AppIcon;
				ASSETCATALOG_COMPILER_GLOBAL_ACCENT_COLOR_NAME = AccentColor;
				CODE_SIGN_STYLE = Automatic;
				CURRENT_PROJECT_VERSION = 1;
				DEVELOPMENT_ASSET_PATHS = "\"day19challenge/Preview Content\"";
				ENABLE_PREVIEWS = YES;
				GENERATE_INFOPLIST_FILE = YES;
				INFOPLIST_KEY_UIApplicationSceneManifest_Generation = YES;
				INFOPLIST_KEY_UIApplicationSupportsIndirectInputEvents = YES;
				INFOPLIST_KEY_UILaunchScreen_Generation = YES;
				INFOPLIST_KEY_UISupportedInterfaceOrientations_iPad = "UIInterfaceOrientationPortrait UIInterfaceOrientationPortraitUpsideDown UIInterfaceOrientationLandscapeLeft UIInterfaceOrientationLandscapeRight";
				INFOPLIST_KEY_UISupportedInterfaceOrientations_iPhone = "UIInterfaceOrientationPortrait UIInterfaceOrientationLandscapeLeft UIInterfaceOrientationLandscapeRight";
				LD_RUNPATH_SEARCH_PATHS = (
					"$(inherited)",
					"@executable_path/Frameworks",
				);
				MARKETING_VERSION = 1.0;
				PRODUCT_BUNDLE_IDENTIFIER = bodi.day19challenge;
				PRODUCT_NAME = "$(TARGET_NAME)";
				SWIFT_EMIT_LOC_STRINGS = YES;
				SWIFT_VERSION = 5.0;
				TARGETED_DEVICE_FAMILY = "1,2";
			};
			name = Release;
		};
		95850DC228DC969A0040B0B6 /* Debug */ = {
			isa = XCBuildConfiguration;
			buildSettings = {
				ALWAYS_EMBED_SWIFT_STANDARD_LIBRARIES = YES;
				BUNDLE_LOADER = "$(TEST_HOST)";
				CODE_SIGN_STYLE = Automatic;
				CURRENT_PROJECT_VERSION = 1;
				GENERATE_INFOPLIST_FILE = YES;
				IPHONEOS_DEPLOYMENT_TARGET = 15.5;
				MARKETING_VERSION = 1.0;
				PRODUCT_BUNDLE_IDENTIFIER = bodi.day19challengeTests;
				PRODUCT_NAME = "$(TARGET_NAME)";
				SWIFT_EMIT_LOC_STRINGS = NO;
				SWIFT_VERSION = 5.0;
				TARGETED_DEVICE_FAMILY = "1,2";
				TEST_HOST = "$(BUILT_PRODUCTS_DIR)/day19challenge.app/day19challenge";
			};
			name = Debug;
		};
		95850DC328DC969A0040B0B6 /* Release */ = {
			isa = XCBuildConfiguration;
			buildSettings = {
				ALWAYS_EMBED_SWIFT_STANDARD_LIBRARIES = YES;
				BUNDLE_LOADER = "$(TEST_HOST)";
				CODE_SIGN_STYLE = Automatic;
				CURRENT_PROJECT_VERSION = 1;
				GENERATE_INFOPLIST_FILE = YES;
				IPHONEOS_DEPLOYMENT_TARGET = 15.5;
				MARKETING_VERSION = 1.0;
				PRODUCT_BUNDLE_IDENTIFIER = bodi.day19challengeTests;
				PRODUCT_NAME = "$(TARGET_NAME)";
				SWIFT_EMIT_LOC_STRINGS = NO;
				SWIFT_VERSION = 5.0;
				TARGETED_DEVICE_FAMILY = "1,2";
				TEST_HOST = "$(BUILT_PRODUCTS_DIR)/day19challenge.app/day19challenge";
			};
			name = Release;
		};
		95850DC528DC969A0040B0B6 /* Debug */ = {
			isa = XCBuildConfiguration;
			buildSettings = {
				ALWAYS_EMBED_SWIFT_STANDARD_LIBRARIES = YES;
				CODE_SIGN_STYLE = Automatic;
				CURRENT_PROJECT_VERSION = 1;
				GENERATE_INFOPLIST_FILE = YES;
				MARKETING_VERSION = 1.0;
				PRODUCT_BUNDLE_IDENTIFIER = bodi.day19challengeUITests;
				PRODUCT_NAME = "$(TARGET_NAME)";
				SWIFT_EMIT_LOC_STRINGS = NO;
				SWIFT_VERSION = 5.0;
				TARGETED_DEVICE_FAMILY = "1,2";
				TEST_TARGET_NAME = day19challenge;
			};
			name = Debug;
		};
		95850DC628DC969A0040B0B6 /* Release */ = {
			isa = XCBuildConfiguration;
			buildSettings = {
				ALWAYS_EMBED_SWIFT_STANDARD_LIBRARIES = YES;
				CODE_SIGN_STYLE = Automatic;
				CURRENT_PROJECT_VERSION = 1;
				GENERATE_INFOPLIST_FILE = YES;
				MARKETING_VERSION = 1.0;
				PRODUCT_BUNDLE_IDENTIFIER = bodi.day19challengeUITests;
				PRODUCT_NAME = "$(TARGET_NAME)";
				SWIFT_EMIT_LOC_STRINGS = NO;
				SWIFT_VERSION = 5.0;
				TARGETED_DEVICE_FAMILY = "1,2";
				TEST_TARGET_NAME = day19challenge;
			};
			name = Release;
		};
/* End XCBuildConfiguration section */

/* Begin XCConfigurationList section */
		95850D9528DC96980040B0B6 /* Build configuration list for PBXProject "day19challenge" */ = {
			isa = XCConfigurationList;
			buildConfigurations = (
				95850DBC28DC969A0040B0B6 /* Debug */,
				95850DBD28DC969A0040B0B6 /* Release */,
			);
			defaultConfigurationIsVisible = 0;
			defaultConfigurationName = Release;
		};
		95850DBE28DC969A0040B0B6 /* Build configuration list for PBXNativeTarget "day19challenge" */ = {
			isa = XCConfigurationList;
			buildConfigurations = (
				95850DBF28DC969A0040B0B6 /* Debug */,
				95850DC028DC969A0040B0B6 /* Release */,
			);
			defaultConfigurationIsVisible = 0;
			defaultConfigurationName = Release;
		};
		95850DC128DC969A0040B0B6 /* Build configuration list for PBXNativeTarget "day19challengeTests" */ = {
			isa = XCConfigurationList;
			buildConfigurations = (
				95850DC228DC969A0040B0B6 /* Debug */,
				95850DC328DC969A0040B0B6 /* Release */,
			);
			defaultConfigurationIsVisible = 0;
			defaultConfigurationName = Release;
		};
		95850DC428DC969A0040B0B6 /* Build configuration list for PBXNativeTarget "day19challengeUITests" */ = {
			isa = XCConfigurationList;
			buildConfigurations = (
				95850DC528DC969A0040B0B6 /* Debug */,
				95850DC628DC969A0040B0B6 /* Release */,
			);
			defaultConfigurationIsVisible = 0;
			defaultConfigurationName = Release;
		};
/* End XCConfigurationList section */
	};
	rootObject = 95850D9228DC96980040B0B6 /* Project object */;
}
